
Microsoft Visual Studio Solution File, Format Version 12.00
# Visual Studio Version 16
VisualStudioVersion = 16.0.32106.194
MinimumVisualStudioVersion = 10.0.40219.1
Project("{9A19103F-16F7-4668-BE54-9A1E7A4F7556}") = "ReservasAereas.Api", "ReservasAereas.Api.csproj", "{18CF14C9-456F-4DA0-BB15-CFCC38587947}"
EndProject
Project("{FAE04EC0-301F-11D3-BF4B-00C04F79EFBC}") = "ReservasAereas.Core", "..\ReservasAereas.Core\ReservasAereas.Core.csproj", "{020B3D31-EE60-434F-B5C5-BAED31B498A5}"
EndProject
Project("{FAE04EC0-301F-11D3-BF4B-00C04F79EFBC}") = "ReservasAereas.Infrastructure", "..\ReservasAereas.Infrastructure\ReservasAereas.Infrastructure.csproj", "{2B9A0D85-85E2-4B03-9B36-A70236275CB1}"
EndProject
Global
	GlobalSection(SolutionConfigurationPlatforms) = preSolution
		Debug|Any CPU = Debug|Any CPU
		Release|Any CPU = Release|Any CPU
	EndGlobalSection
	GlobalSection(ProjectConfigurationPlatforms) = postSolution
		{18CF14C9-456F-4DA0-BB15-CFCC38587947}.Debug|Any CPU.ActiveCfg = Debug|Any CPU
		{18CF14C9-456F-4DA0-BB15-CFCC38587947}.Debug|Any CPU.Build.0 = Debug|Any CPU
		{18CF14C9-456F-4DA0-BB15-CFCC38587947}.Release|Any CPU.ActiveCfg = Release|Any CPU
		{18CF14C9-456F-4DA0-BB15-CFCC38587947}.Release|Any CPU.Build.0 = Release|Any CPU
		{020B3D31-EE60-434F-B5C5-BAED31B498A5}.Debug|Any CPU.ActiveCfg = Debug|Any CPU
		{020B3D31-EE60-434F-B5C5-BAED31B498A5}.Debug|Any CPU.Build.0 = Debug|Any CPU
		{020B3D31-EE60-434F-B5C5-BAED31B498A5}.Release|Any CPU.ActiveCfg = Release|Any CPU
		{020B3D31-EE60-434F-B5C5-BAED31B498A5}.Release|Any CPU.Build.0 = Release|Any CPU
		{2B9A0D85-85E2-4B03-9B36-A70236275CB1}.Debug|Any CPU.ActiveCfg = Debug|Any CPU
		{2B9A0D85-85E2-4B03-9B36-A70236275CB1}.Debug|Any CPU.Build.0 = Debug|Any CPU
		{2B9A0D85-85E2-4B03-9B36-A70236275CB1}.Release|Any CPU.ActiveCfg = Release|Any CPU
		{2B9A0D85-85E2-4B03-9B36-A70236275CB1}.Release|Any CPU.Build.0 = Release|Any CPU
	EndGlobalSection
	GlobalSection(SolutionProperties) = preSolution
		HideSolutionNode = FALSE
	EndGlobalSection
	GlobalSection(ExtensibilityGlobals) = postSolution
		SolutionGuid = {F88068F4-BFA3-40BB-AF8F-535F6DC08F35}
	EndGlobalSection
EndGlobal
